
Microsoft Visual Studio Solution File, Format Version 12.00
# Visual Studio Version 17
VisualStudioVersion = 17.4.33213.308
MinimumVisualStudioVersion = 10.0.40219.1
Project("{FAE04EC0-301F-11D3-BF4B-00C04F79EFBC}") = "RSGymPT", "RSGymPT\RSGymPT.csproj", "{B051D8DF-BC58-4FAB-B8C1-86CEF2D05356}"
EndProject
Project("{FAE04EC0-301F-11D3-BF4B-00C04F79EFBC}") = "Utility", "Utility\Utility.csproj", "{AFB51CA5-6D20-4E68-A880-6E6B93F42FB8}"
EndProject
Global
	GlobalSection(SolutionConfigurationPlatforms) = preSolution
		Debug|Any CPU = Debug|Any CPU
		Release|Any CPU = Release|Any CPU
	EndGlobalSection
	GlobalSection(ProjectConfigurationPlatforms) = postSolution
		{B051D8DF-BC58-4FAB-B8C1-86CEF2D05356}.Debug|Any CPU.ActiveCfg = Debug|Any CPU
		{B051D8DF-BC58-4FAB-B8C1-86CEF2D05356}.Debug|Any CPU.Build.0 = Debug|Any CPU
		{B051D8DF-BC58-4FAB-B8C1-86CEF2D05356}.Release|Any CPU.ActiveCfg = Release|Any CPU
		{B051D8DF-BC58-4FAB-B8C1-86CEF2D05356}.Release|Any CPU.Build.0 = Release|Any CPU
		{AFB51CA5-6D20-4E68-A880-6E6B93F42FB8}.Debug|Any CPU.ActiveCfg = Debug|Any CPU
		{AFB51CA5-6D20-4E68-A880-6E6B93F42FB8}.Debug|Any CPU.Build.0 = Debug|Any CPU
		{AFB51CA5-6D20-4E68-A880-6E6B93F42FB8}.Release|Any CPU.ActiveCfg = Release|Any CPU
		{AFB51CA5-6D20-4E68-A880-6E6B93F42FB8}.Release|Any CPU.Build.0 = Release|Any CPU
	EndGlobalSection
	GlobalSection(SolutionProperties) = preSolution
		HideSolutionNode = FALSE
	EndGlobalSection
	GlobalSection(ExtensibilityGlobals) = postSolution
		SolutionGuid = {97FE77E2-F813-4F4E-B4A2-737F15120E80}
	EndGlobalSection
EndGlobal
